// !$*UTF8*$!
{
	archiveVersion = 1;
	classes = {
	};
	objectVersion = 56;
	objects = {

/* Begin PBXBuildFile section */
		C38EB84F2B0391DE0034E632 /* Assignment1App.swift in Sources */ = {isa = PBXBuildFile; fileRef = C38EB84E2B0391DE0034E632 /* Assignment1App.swift */; };
		C38EB8512B0391DE0034E632 /* HomeView.swift in Sources */ = {isa = PBXBuildFile; fileRef = C38EB8502B0391DE0034E632 /* HomeView.swift */; };
		C38EB8532B0391DF0034E632 /* Assets.xcassets in Resources */ = {isa = PBXBuildFile; fileRef = C38EB8522B0391DF0034E632 /* Assets.xcassets */; };
		C38EB8562B0391DF0034E632 /* Preview Assets.xcassets in Resources */ = {isa = PBXBuildFile; fileRef = C38EB8552B0391DF0034E632 /* Preview Assets.xcassets */; };
		C38EB8602B0391E00034E632 /* Assignment1Tests.swift in Sources */ = {isa = PBXBuildFile; fileRef = C38EB85F2B0391E00034E632 /* Assignment1Tests.swift */; };
		C38EB86A2B0391E00034E632 /* Assignment1UITests.swift in Sources */ = {isa = PBXBuildFile; fileRef = C38EB8692B0391E00034E632 /* Assignment1UITests.swift */; };
		C38EB86C2B0391E00034E632 /* Assignment1UITestsLaunchTests.swift in Sources */ = {isa = PBXBuildFile; fileRef = C38EB86B2B0391E00034E632 /* Assignment1UITestsLaunchTests.swift */; };
		C38EB87A2B0393ED0034E632 /* URLRequest.swift in Sources */ = {isa = PBXBuildFile; fileRef = C38EB8792B0393ED0034E632 /* URLRequest.swift */; };
		C38EB87C2B0395020034E632 /* NetworkManager.swift in Sources */ = {isa = PBXBuildFile; fileRef = C38EB87B2B0395020034E632 /* NetworkManager.swift */; };
		C38EB87E2B0395DE0034E632 /* AppError.swift in Sources */ = {isa = PBXBuildFile; fileRef = C38EB87D2B0395DE0034E632 /* AppError.swift */; };
		C38EB8812B0397A50034E632 /* BaseRoute.swift in Sources */ = {isa = PBXBuildFile; fileRef = C38EB8802B0397A50034E632 /* BaseRoute.swift */; };
		C38EB8842B03A1440034E632 /* HomeRoutes.swift in Sources */ = {isa = PBXBuildFile; fileRef = C38EB8832B03A1440034E632 /* HomeRoutes.swift */; };
		C38EB8882B03A2B60034E632 /* HomeRepository.swift in Sources */ = {isa = PBXBuildFile; fileRef = C38EB8872B03A2B60034E632 /* HomeRepository.swift */; };
		C38EB88A2B03A32A0034E632 /* HomeRemoteRepository.swift in Sources */ = {isa = PBXBuildFile; fileRef = C38EB8892B03A32A0034E632 /* HomeRemoteRepository.swift */; };
		C38EB88E2B03A3F10034E632 /* ProductModel.swift in Sources */ = {isa = PBXBuildFile; fileRef = C38EB88D2B03A3F10034E632 /* ProductModel.swift */; };
		C38EB8902B04904E0034E632 /* HomeViewModel.swift in Sources */ = {isa = PBXBuildFile; fileRef = C38EB88F2B04904E0034E632 /* HomeViewModel.swift */; };
		C38EB8922B049C8F0034E632 /* ProductRow.swift in Sources */ = {isa = PBXBuildFile; fileRef = C38EB8912B049C8F0034E632 /* ProductRow.swift */; };
		C38EB8972B04AAE90034E632 /* ProductDetail.swift in Sources */ = {isa = PBXBuildFile; fileRef = C38EB8962B04AAE90034E632 /* ProductDetail.swift */; };
		C38EB8992B04C2B00034E632 /* MockJSON.json in Resources */ = {isa = PBXBuildFile; fileRef = C38EB8982B04C2B00034E632 /* MockJSON.json */; };
		C38EB89B2B04C32C0034E632 /* Helper.swift in Sources */ = {isa = PBXBuildFile; fileRef = C38EB89A2B04C32C0034E632 /* Helper.swift */; };
		C38EB89D2B04F9150034E632 /* Constants.swift in Sources */ = {isa = PBXBuildFile; fileRef = C38EB89C2B04F9150034E632 /* Constants.swift */; };
		C38EB89F2B04FDE60034E632 /* Product.swift in Sources */ = {isa = PBXBuildFile; fileRef = C38EB89E2B04FDE60034E632 /* Product.swift */; };
		C38EB8B32B05F56E0034E632 /* AppEnvironment.swift in Sources */ = {isa = PBXBuildFile; fileRef = C38EB8B22B05F56D0034E632 /* AppEnvironment.swift */; };
/* End PBXBuildFile section */

/* Begin PBXContainerItemProxy section */
		C38EB85C2B0391E00034E632 /* PBXContainerItemProxy */ = {
			isa = PBXContainerItemProxy;
			containerPortal = C38EB8432B0391DE0034E632 /* Project object */;
			proxyType = 1;
			remoteGlobalIDString = C38EB84A2B0391DE0034E632;
			remoteInfo = Assignment1;
		};
		C38EB8662B0391E00034E632 /* PBXContainerItemProxy */ = {
			isa = PBXContainerItemProxy;
			containerPortal = C38EB8432B0391DE0034E632 /* Project object */;
			proxyType = 1;
			remoteGlobalIDString = C38EB84A2B0391DE0034E632;
			remoteInfo = Assignment1;
		};
/* End PBXContainerItemProxy section */

/* Begin PBXFileReference section */
		C38EB84B2B0391DE0034E632 /* Assignment(dev).app */ = {isa = PBXFileReference; explicitFileType = wrapper.application; includeInIndex = 0; path = "Assignment(dev).app"; sourceTree = BUILT_PRODUCTS_DIR; };
		C38EB84E2B0391DE0034E632 /* Assignment1App.swift */ = {isa = PBXFileReference; lastKnownFileType = sourcecode.swift; path = Assignment1App.swift; sourceTree = "<group>"; };
		C38EB8502B0391DE0034E632 /* HomeView.swift */ = {isa = PBXFileReference; lastKnownFileType = sourcecode.swift; path = HomeView.swift; sourceTree = "<group>"; };
		C38EB8522B0391DF0034E632 /* Assets.xcassets */ = {isa = PBXFileReference; lastKnownFileType = folder.assetcatalog; path = Assets.xcassets; sourceTree = "<group>"; };
		C38EB8552B0391DF0034E632 /* Preview Assets.xcassets */ = {isa = PBXFileReference; lastKnownFileType = folder.assetcatalog; path = "Preview Assets.xcassets"; sourceTree = "<group>"; };
		C38EB85B2B0391E00034E632 /* Assignment1Tests.xctest */ = {isa = PBXFileReference; explicitFileType = wrapper.cfbundle; includeInIndex = 0; path = Assignment1Tests.xctest; sourceTree = BUILT_PRODUCTS_DIR; };
		C38EB85F2B0391E00034E632 /* Assignment1Tests.swift */ = {isa = PBXFileReference; lastKnownFileType = sourcecode.swift; path = Assignment1Tests.swift; sourceTree = "<group>"; };
		C38EB8652B0391E00034E632 /* Assignment1UITests.xctest */ = {isa = PBXFileReference; explicitFileType = wrapper.cfbundle; includeInIndex = 0; path = Assignment1UITests.xctest; sourceTree = BUILT_PRODUCTS_DIR; };
		C38EB8692B0391E00034E632 /* Assignment1UITests.swift */ = {isa = PBXFileReference; lastKnownFileType = sourcecode.swift; path = Assignment1UITests.swift; sourceTree = "<group>"; };
		C38EB86B2B0391E00034E632 /* Assignment1UITestsLaunchTests.swift */ = {isa = PBXFileReference; lastKnownFileType = sourcecode.swift; path = Assignment1UITestsLaunchTests.swift; sourceTree = "<group>"; };
		C38EB8792B0393ED0034E632 /* URLRequest.swift */ = {isa = PBXFileReference; lastKnownFileType = sourcecode.swift; path = URLRequest.swift; sourceTree = "<group>"; };
		C38EB87B2B0395020034E632 /* NetworkManager.swift */ = {isa = PBXFileReference; lastKnownFileType = sourcecode.swift; path = NetworkManager.swift; sourceTree = "<group>"; };
		C38EB87D2B0395DE0034E632 /* AppError.swift */ = {isa = PBXFileReference; lastKnownFileType = sourcecode.swift; path = AppError.swift; sourceTree = "<group>"; };
		C38EB8802B0397A50034E632 /* BaseRoute.swift */ = {isa = PBXFileReference; lastKnownFileType = sourcecode.swift; path = BaseRoute.swift; sourceTree = "<group>"; };
		C38EB8832B03A1440034E632 /* HomeRoutes.swift */ = {isa = PBXFileReference; lastKnownFileType = sourcecode.swift; path = HomeRoutes.swift; sourceTree = "<group>"; };
		C38EB8872B03A2B60034E632 /* HomeRepository.swift */ = {isa = PBXFileReference; lastKnownFileType = sourcecode.swift; path = HomeRepository.swift; sourceTree = "<group>"; };
		C38EB8892B03A32A0034E632 /* HomeRemoteRepository.swift */ = {isa = PBXFileReference; lastKnownFileType = sourcecode.swift; path = HomeRemoteRepository.swift; sourceTree = "<group>"; };
		C38EB88D2B03A3F10034E632 /* ProductModel.swift */ = {isa = PBXFileReference; lastKnownFileType = sourcecode.swift; path = ProductModel.swift; sourceTree = "<group>"; };
		C38EB88F2B04904E0034E632 /* HomeViewModel.swift */ = {isa = PBXFileReference; lastKnownFileType = sourcecode.swift; path = HomeViewModel.swift; sourceTree = "<group>"; };
		C38EB8912B049C8F0034E632 /* ProductRow.swift */ = {isa = PBXFileReference; lastKnownFileType = sourcecode.swift; path = ProductRow.swift; sourceTree = "<group>"; };
		C38EB8962B04AAE90034E632 /* ProductDetail.swift */ = {isa = PBXFileReference; lastKnownFileType = sourcecode.swift; path = ProductDetail.swift; sourceTree = "<group>"; };
		C38EB8982B04C2B00034E632 /* MockJSON.json */ = {isa = PBXFileReference; fileEncoding = 4; lastKnownFileType = text.json; path = MockJSON.json; sourceTree = "<group>"; };
		C38EB89A2B04C32C0034E632 /* Helper.swift */ = {isa = PBXFileReference; lastKnownFileType = sourcecode.swift; path = Helper.swift; sourceTree = "<group>"; };
		C38EB89C2B04F9150034E632 /* Constants.swift */ = {isa = PBXFileReference; lastKnownFileType = sourcecode.swift; path = Constants.swift; sourceTree = "<group>"; };
		C38EB89E2B04FDE60034E632 /* Product.swift */ = {isa = PBXFileReference; lastKnownFileType = sourcecode.swift; path = Product.swift; sourceTree = "<group>"; };
		C38EB8AD2B05EFB60034E632 /* Development.xcconfig */ = {isa = PBXFileReference; lastKnownFileType = text.xcconfig; path = Development.xcconfig; sourceTree = "<group>"; };
		C38EB8AE2B05EFC50034E632 /* Production.xcconfig */ = {isa = PBXFileReference; lastKnownFileType = text.xcconfig; path = Production.xcconfig; sourceTree = "<group>"; };
		C38EB8B22B05F56D0034E632 /* AppEnvironment.swift */ = {isa = PBXFileReference; lastKnownFileType = sourcecode.swift; path = AppEnvironment.swift; sourceTree = "<group>"; };
/* End PBXFileReference section */

/* Begin PBXFrameworksBuildPhase section */
		C38EB8482B0391DE0034E632 /* Frameworks */ = {
			isa = PBXFrameworksBuildPhase;
			buildActionMask = 2147483647;
			files = (
			);
			runOnlyForDeploymentPostprocessing = 0;
		};
		C38EB8582B0391E00034E632 /* Frameworks */ = {
			isa = PBXFrameworksBuildPhase;
			buildActionMask = 2147483647;
			files = (
			);
			runOnlyForDeploymentPostprocessing = 0;
		};
		C38EB8622B0391E00034E632 /* Frameworks */ = {
			isa = PBXFrameworksBuildPhase;
			buildActionMask = 2147483647;
			files = (
			);
			runOnlyForDeploymentPostprocessing = 0;
		};
/* End PBXFrameworksBuildPhase section */

/* Begin PBXGroup section */
		C38EB8422B0391DE0034E632 = {
			isa = PBXGroup;
			children = (
				C38EB84D2B0391DE0034E632 /* Assignment1 */,
				C38EB85E2B0391E00034E632 /* Assignment1Tests */,
				C38EB8682B0391E00034E632 /* Assignment1UITests */,
				C38EB84C2B0391DE0034E632 /* Products */,
			);
			sourceTree = "<group>";
		};
		C38EB84C2B0391DE0034E632 /* Products */ = {
			isa = PBXGroup;
			children = (
				C38EB84B2B0391DE0034E632 /* Assignment(dev).app */,
				C38EB85B2B0391E00034E632 /* Assignment1Tests.xctest */,
				C38EB8652B0391E00034E632 /* Assignment1UITests.xctest */,
			);
			name = Products;
			sourceTree = "<group>";
		};
		C38EB84D2B0391DE0034E632 /* Assignment1 */ = {
			isa = PBXGroup;
			children = (
				C38EB8B42B05F6A80034E632 /* Configs */,
				C38EB8A42B05DFE50034E632 /* Utilities */,
				C38EB8A12B05DFAD0034E632 /* Views */,
				C38EB8A02B05DF820034E632 /* Jsons */,
				C38EB88B2B03A39E0034E632 /* Models */,
				C38EB8852B03A2530034E632 /* Repositories */,
				C38EB87F2B0397880034E632 /* Router */,
				C38EB8782B0393A90034E632 /* NetworkLayer */,
				C38EB84E2B0391DE0034E632 /* Assignment1App.swift */,
				C38EB8522B0391DF0034E632 /* Assets.xcassets */,
				C38EB8542B0391DF0034E632 /* Preview Content */,
				C38EB8B22B05F56D0034E632 /* AppEnvironment.swift */,
			);
			path = Assignment1;
			sourceTree = "<group>";
		};
		C38EB8542B0391DF0034E632 /* Preview Content */ = {
			isa = PBXGroup;
			children = (
				C38EB8552B0391DF0034E632 /* Preview Assets.xcassets */,
			);
			path = "Preview Content";
			sourceTree = "<group>";
		};
		C38EB85E2B0391E00034E632 /* Assignment1Tests */ = {
			isa = PBXGroup;
			children = (
				C38EB85F2B0391E00034E632 /* Assignment1Tests.swift */,
			);
			path = Assignment1Tests;
			sourceTree = "<group>";
		};
		C38EB8682B0391E00034E632 /* Assignment1UITests */ = {
			isa = PBXGroup;
			children = (
				C38EB8692B0391E00034E632 /* Assignment1UITests.swift */,
				C38EB86B2B0391E00034E632 /* Assignment1UITestsLaunchTests.swift */,
			);
			path = Assignment1UITests;
			sourceTree = "<group>";
		};
		C38EB8782B0393A90034E632 /* NetworkLayer */ = {
			isa = PBXGroup;
			children = (
				C38EB8792B0393ED0034E632 /* URLRequest.swift */,
				C38EB87B2B0395020034E632 /* NetworkManager.swift */,
				C38EB87D2B0395DE0034E632 /* AppError.swift */,
			);
			path = NetworkLayer;
			sourceTree = "<group>";
		};
		C38EB87F2B0397880034E632 /* Router */ = {
			isa = PBXGroup;
			children = (
				C38EB8822B03A1370034E632 /* Routes */,
				C38EB8802B0397A50034E632 /* BaseRoute.swift */,
			);
			path = Router;
			sourceTree = "<group>";
		};
		C38EB8822B03A1370034E632 /* Routes */ = {
			isa = PBXGroup;
			children = (
				C38EB8832B03A1440034E632 /* HomeRoutes.swift */,
			);
			path = Routes;
			sourceTree = "<group>";
		};
		C38EB8852B03A2530034E632 /* Repositories */ = {
			isa = PBXGroup;
			children = (
				C38EB8862B03A2A10034E632 /* HomeRepository */,
			);
			path = Repositories;
			sourceTree = "<group>";
		};
		C38EB8862B03A2A10034E632 /* HomeRepository */ = {
			isa = PBXGroup;
			children = (
				C38EB8872B03A2B60034E632 /* HomeRepository.swift */,
				C38EB8892B03A32A0034E632 /* HomeRemoteRepository.swift */,
			);
			path = HomeRepository;
			sourceTree = "<group>";
		};
		C38EB88B2B03A39E0034E632 /* Models */ = {
			isa = PBXGroup;
			children = (
				C38EB88C2B03A3A70034E632 /* ResponseModels */,
				C38EB89E2B04FDE60034E632 /* Product.swift */,
			);
			path = Models;
			sourceTree = "<group>";
		};
		C38EB88C2B03A3A70034E632 /* ResponseModels */ = {
			isa = PBXGroup;
			children = (
				C38EB88D2B03A3F10034E632 /* ProductModel.swift */,
			);
			path = ResponseModels;
			sourceTree = "<group>";
		};
		C38EB8A02B05DF820034E632 /* Jsons */ = {
			isa = PBXGroup;
			children = (
				C38EB8982B04C2B00034E632 /* MockJSON.json */,
			);
			path = Jsons;
			sourceTree = "<group>";
		};
		C38EB8A12B05DFAD0034E632 /* Views */ = {
			isa = PBXGroup;
			children = (
				C38EB8A32B05DFCC0034E632 /* ProductDetail */,
				C38EB8A22B05DFB70034E632 /* Home */,
			);
			path = Views;
			sourceTree = "<group>";
		};
		C38EB8A22B05DFB70034E632 /* Home */ = {
			isa = PBXGroup;
			children = (
				C38EB8912B049C8F0034E632 /* ProductRow.swift */,
				C38EB8502B0391DE0034E632 /* HomeView.swift */,
				C38EB88F2B04904E0034E632 /* HomeViewModel.swift */,
			);
			path = Home;
			sourceTree = "<group>";
		};
		C38EB8A32B05DFCC0034E632 /* ProductDetail */ = {
			isa = PBXGroup;
			children = (
				C38EB8962B04AAE90034E632 /* ProductDetail.swift */,
			);
			path = ProductDetail;
			sourceTree = "<group>";
		};
		C38EB8A42B05DFE50034E632 /* Utilities */ = {
			isa = PBXGroup;
			children = (
				C38EB89A2B04C32C0034E632 /* Helper.swift */,
				C38EB89C2B04F9150034E632 /* Constants.swift */,
			);
			path = Utilities;
			sourceTree = "<group>";
		};
		C38EB8B42B05F6A80034E632 /* Configs */ = {
			isa = PBXGroup;
			children = (
				C38EB8AE2B05EFC50034E632 /* Production.xcconfig */,
				C38EB8AD2B05EFB60034E632 /* Development.xcconfig */,
			);
			path = Configs;
			sourceTree = "<group>";
		};
/* End PBXGroup section */

/* Begin PBXNativeTarget section */
		C38EB84A2B0391DE0034E632 /* Assignment1 */ = {
			isa = PBXNativeTarget;
			buildConfigurationList = C38EB86F2B0391E00034E632 /* Build configuration list for PBXNativeTarget "Assignment1" */;
			buildPhases = (
				C38EB8472B0391DE0034E632 /* Sources */,
				C38EB8482B0391DE0034E632 /* Frameworks */,
				C38EB8492B0391DE0034E632 /* Resources */,
			);
			buildRules = (
			);
			dependencies = (
			);
			name = Assignment1;
			packageProductDependencies = (
			);
			productName = Assignment1;
			productReference = C38EB84B2B0391DE0034E632 /* Assignment(dev).app */;
			productType = "com.apple.product-type.application";
		};
		C38EB85A2B0391E00034E632 /* Assignment1Tests */ = {
			isa = PBXNativeTarget;
			buildConfigurationList = C38EB8722B0391E00034E632 /* Build configuration list for PBXNativeTarget "Assignment1Tests" */;
			buildPhases = (
				C38EB8572B0391E00034E632 /* Sources */,
				C38EB8582B0391E00034E632 /* Frameworks */,
				C38EB8592B0391E00034E632 /* Resources */,
			);
			buildRules = (
			);
			dependencies = (
				C38EB85D2B0391E00034E632 /* PBXTargetDependency */,
			);
			name = Assignment1Tests;
			productName = Assignment1Tests;
			productReference = C38EB85B2B0391E00034E632 /* Assignment1Tests.xctest */;
			productType = "com.apple.product-type.bundle.unit-test";
		};
		C38EB8642B0391E00034E632 /* Assignment1UITests */ = {
			isa = PBXNativeTarget;
			buildConfigurationList = C38EB8752B0391E00034E632 /* Build configuration list for PBXNativeTarget "Assignment1UITests" */;
			buildPhases = (
				C38EB8612B0391E00034E632 /* Sources */,
				C38EB8622B0391E00034E632 /* Frameworks */,
				C38EB8632B0391E00034E632 /* Resources */,
			);
			buildRules = (
			);
			dependencies = (
				C38EB8672B0391E00034E632 /* PBXTargetDependency */,
			);
			name = Assignment1UITests;
			productName = Assignment1UITests;
			productReference = C38EB8652B0391E00034E632 /* Assignment1UITests.xctest */;
			productType = "com.apple.product-type.bundle.ui-testing";
		};
/* End PBXNativeTarget section */

/* Begin PBXProject section */
		C38EB8432B0391DE0034E632 /* Project object */ = {
			isa = PBXProject;
			attributes = {
				BuildIndependentTargetsInParallel = 1;
				LastSwiftUpdateCheck = 1500;
				LastUpgradeCheck = 1500;
				TargetAttributes = {
					C38EB84A2B0391DE0034E632 = {
						CreatedOnToolsVersion = 15.0;
					};
					C38EB85A2B0391E00034E632 = {
						CreatedOnToolsVersion = 15.0;
						TestTargetID = C38EB84A2B0391DE0034E632;
					};
					C38EB8642B0391E00034E632 = {
						CreatedOnToolsVersion = 15.0;
						TestTargetID = C38EB84A2B0391DE0034E632;
					};
				};
			};
			buildConfigurationList = C38EB8462B0391DE0034E632 /* Build configuration list for PBXProject "Assignment1" */;
			compatibilityVersion = "Xcode 14.0";
			developmentRegion = en;
			hasScannedForEncodings = 0;
			knownRegions = (
				en,
				Base,
			);
			mainGroup = C38EB8422B0391DE0034E632;
			packageReferences = (
			);
			productRefGroup = C38EB84C2B0391DE0034E632 /* Products */;
			projectDirPath = "";
			projectRoot = "";
			targets = (
				C38EB84A2B0391DE0034E632 /* Assignment1 */,
				C38EB85A2B0391E00034E632 /* Assignment1Tests */,
				C38EB8642B0391E00034E632 /* Assignment1UITests */,
			);
		};
/* End PBXProject section */

/* Begin PBXResourcesBuildPhase section */
		C38EB8492B0391DE0034E632 /* Resources */ = {
			isa = PBXResourcesBuildPhase;
			buildActionMask = 2147483647;
			files = (
				C38EB8562B0391DF0034E632 /* Preview Assets.xcassets in Resources */,
				C38EB8532B0391DF0034E632 /* Assets.xcassets in Resources */,
				C38EB8992B04C2B00034E632 /* MockJSON.json in Resources */,
			);
			runOnlyForDeploymentPostprocessing = 0;
		};
		C38EB8592B0391E00034E632 /* Resources */ = {
			isa = PBXResourcesBuildPhase;
			buildActionMask = 2147483647;
			files = (
			);
			runOnlyForDeploymentPostprocessing = 0;
		};
		C38EB8632B0391E00034E632 /* Resources */ = {
			isa = PBXResourcesBuildPhase;
			buildActionMask = 2147483647;
			files = (
			);
			runOnlyForDeploymentPostprocessing = 0;
		};
/* End PBXResourcesBuildPhase section */

/* Begin PBXSourcesBuildPhase section */
		C38EB8472B0391DE0034E632 /* Sources */ = {
			isa = PBXSourcesBuildPhase;
			buildActionMask = 2147483647;
			files = (
				C38EB88A2B03A32A0034E632 /* HomeRemoteRepository.swift in Sources */,
				C38EB89B2B04C32C0034E632 /* Helper.swift in Sources */,
				C38EB8902B04904E0034E632 /* HomeViewModel.swift in Sources */,
				C38EB8882B03A2B60034E632 /* HomeRepository.swift in Sources */,
				C38EB87C2B0395020034E632 /* NetworkManager.swift in Sources */,
				C38EB89D2B04F9150034E632 /* Constants.swift in Sources */,
				C38EB87A2B0393ED0034E632 /* URLRequest.swift in Sources */,
				C38EB8812B0397A50034E632 /* BaseRoute.swift in Sources */,
				C38EB87E2B0395DE0034E632 /* AppError.swift in Sources */,
				C38EB89F2B04FDE60034E632 /* Product.swift in Sources */,
				C38EB8972B04AAE90034E632 /* ProductDetail.swift in Sources */,
				C38EB8512B0391DE0034E632 /* HomeView.swift in Sources */,
				C38EB8922B049C8F0034E632 /* ProductRow.swift in Sources */,
				C38EB8842B03A1440034E632 /* HomeRoutes.swift in Sources */,
				C38EB84F2B0391DE0034E632 /* Assignment1App.swift in Sources */,
				C38EB88E2B03A3F10034E632 /* ProductModel.swift in Sources */,
				C38EB8B32B05F56E0034E632 /* AppEnvironment.swift in Sources */,
			);
			runOnlyForDeploymentPostprocessing = 0;
		};
		C38EB8572B0391E00034E632 /* Sources */ = {
			isa = PBXSourcesBuildPhase;
			buildActionMask = 2147483647;
			files = (
				C38EB8602B0391E00034E632 /* Assignment1Tests.swift in Sources */,
			);
			runOnlyForDeploymentPostprocessing = 0;
		};
		C38EB8612B0391E00034E632 /* Sources */ = {
			isa = PBXSourcesBuildPhase;
			buildActionMask = 2147483647;
			files = (
				C38EB86A2B0391E00034E632 /* Assignment1UITests.swift in Sources */,
				C38EB86C2B0391E00034E632 /* Assignment1UITestsLaunchTests.swift in Sources */,
			);
			runOnlyForDeploymentPostprocessing = 0;
		};
/* End PBXSourcesBuildPhase section */

/* Begin PBXTargetDependency section */
		C38EB85D2B0391E00034E632 /* PBXTargetDependency */ = {
			isa = PBXTargetDependency;
			target = C38EB84A2B0391DE0034E632 /* Assignment1 */;
			targetProxy = C38EB85C2B0391E00034E632 /* PBXContainerItemProxy */;
		};
		C38EB8672B0391E00034E632 /* PBXTargetDependency */ = {
			isa = PBXTargetDependency;
			target = C38EB84A2B0391DE0034E632 /* Assignment1 */;
			targetProxy = C38EB8662B0391E00034E632 /* PBXContainerItemProxy */;
		};
/* End PBXTargetDependency section */

/* Begin XCBuildConfiguration section */
		C38EB86D2B0391E00034E632 /* Debug (Development) */ = {
			isa = XCBuildConfiguration;
			baseConfigurationReference = C38EB8AD2B05EFB60034E632 /* Development.xcconfig */;
			buildSettings = {
				ALWAYS_SEARCH_USER_PATHS = NO;
				ASSETCATALOG_COMPILER_GENERATE_SWIFT_ASSET_SYMBOL_EXTENSIONS = YES;
				CLANG_ANALYZER_NONNULL = YES;
				CLANG_ANALYZER_NUMBER_OBJECT_CONVERSION = YES_AGGRESSIVE;
				CLANG_CXX_LANGUAGE_STANDARD = "gnu++20";
				CLANG_ENABLE_MODULES = YES;
				CLANG_ENABLE_OBJC_ARC = YES;
				CLANG_ENABLE_OBJC_WEAK = YES;
				CLANG_WARN_BLOCK_CAPTURE_AUTORELEASING = YES;
				CLANG_WARN_BOOL_CONVERSION = YES;
				CLANG_WARN_COMMA = YES;
				CLANG_WARN_CONSTANT_CONVERSION = YES;
				CLANG_WARN_DEPRECATED_OBJC_IMPLEMENTATIONS = YES;
				CLANG_WARN_DIRECT_OBJC_ISA_USAGE = YES_ERROR;
				CLANG_WARN_DOCUMENTATION_COMMENTS = YES;
				CLANG_WARN_EMPTY_BODY = YES;
				CLANG_WARN_ENUM_CONVERSION = YES;
				CLANG_WARN_INFINITE_RECURSION = YES;
				CLANG_WARN_INT_CONVERSION = YES;
				CLANG_WARN_NON_LITERAL_NULL_CONVERSION = YES;
				CLANG_WARN_OBJC_IMPLICIT_RETAIN_SELF = YES;
				CLANG_WARN_OBJC_LITERAL_CONVERSION = YES;
				CLANG_WARN_OBJC_ROOT_CLASS = YES_ERROR;
				CLANG_WARN_QUOTED_INCLUDE_IN_FRAMEWORK_HEADER = YES;
				CLANG_WARN_RANGE_LOOP_ANALYSIS = YES;
				CLANG_WARN_STRICT_PROTOTYPES = YES;
				CLANG_WARN_SUSPICIOUS_MOVE = YES;
				CLANG_WARN_UNGUARDED_AVAILABILITY = YES_AGGRESSIVE;
				CLANG_WARN_UNREACHABLE_CODE = YES;
				CLANG_WARN__DUPLICATE_METHOD_MATCH = YES;
				COPY_PHASE_STRIP = NO;
				DEBUG_INFORMATION_FORMAT = dwarf;
				ENABLE_STRICT_OBJC_MSGSEND = YES;
				ENABLE_TESTABILITY = YES;
				ENABLE_USER_SCRIPT_SANDBOXING = YES;
				GCC_C_LANGUAGE_STANDARD = gnu17;
				GCC_DYNAMIC_NO_PIC = NO;
				GCC_NO_COMMON_BLOCKS = YES;
				GCC_OPTIMIZATION_LEVEL = 0;
				GCC_PREPROCESSOR_DEFINITIONS = (
					"DEBUG=1",
					"$(inherited)",
				);
				GCC_WARN_64_TO_32_BIT_CONVERSION = YES;
				GCC_WARN_ABOUT_RETURN_TYPE = YES_ERROR;
				GCC_WARN_UNDECLARED_SELECTOR = YES;
				GCC_WARN_UNINITIALIZED_AUTOS = YES_AGGRESSIVE;
				GCC_WARN_UNUSED_FUNCTION = YES;
				GCC_WARN_UNUSED_VARIABLE = YES;
				IPHONEOS_DEPLOYMENT_TARGET = 15.0;
				LOCALIZATION_PREFERS_STRING_CATALOGS = YES;
				MTL_ENABLE_DEBUG_INFO = INCLUDE_SOURCE;
				MTL_FAST_MATH = YES;
				ONLY_ACTIVE_ARCH = YES;
				SDKROOT = iphoneos;
				SWIFT_ACTIVE_COMPILATION_CONDITIONS = "DEBUG $(inherited)";
				SWIFT_OPTIMIZATION_LEVEL = "-Onone";
			};
			name = "Debug (Development)";
		};
		C38EB86E2B0391E00034E632 /* Release(Development) */ = {
			isa = XCBuildConfiguration;
			baseConfigurationReference = C38EB8AD2B05EFB60034E632 /* Development.xcconfig */;
			buildSettings = {
				ALWAYS_SEARCH_USER_PATHS = NO;
				ASSETCATALOG_COMPILER_GENERATE_SWIFT_ASSET_SYMBOL_EXTENSIONS = YES;
				CLANG_ANALYZER_NONNULL = YES;
				CLANG_ANALYZER_NUMBER_OBJECT_CONVERSION = YES_AGGRESSIVE;
				CLANG_CXX_LANGUAGE_STANDARD = "gnu++20";
				CLANG_ENABLE_MODULES = YES;
				CLANG_ENABLE_OBJC_ARC = YES;
				CLANG_ENABLE_OBJC_WEAK = YES;
				CLANG_WARN_BLOCK_CAPTURE_AUTORELEASING = YES;
				CLANG_WARN_BOOL_CONVERSION = YES;
				CLANG_WARN_COMMA = YES;
				CLANG_WARN_CONSTANT_CONVERSION = YES;
				CLANG_WARN_DEPRECATED_OBJC_IMPLEMENTATIONS = YES;
				CLANG_WARN_DIRECT_OBJC_ISA_USAGE = YES_ERROR;
				CLANG_WARN_DOCUMENTATION_COMMENTS = YES;
				CLANG_WARN_EMPTY_BODY = YES;
				CLANG_WARN_ENUM_CONVERSION = YES;
				CLANG_WARN_INFINITE_RECURSION = YES;
				CLANG_WARN_INT_CONVERSION = YES;
				CLANG_WARN_NON_LITERAL_NULL_CONVERSION = YES;
				CLANG_WARN_OBJC_IMPLICIT_RETAIN_SELF = YES;
				CLANG_WARN_OBJC_LITERAL_CONVERSION = YES;
				CLANG_WARN_OBJC_ROOT_CLASS = YES_ERROR;
				CLANG_WARN_QUOTED_INCLUDE_IN_FRAMEWORK_HEADER = YES;
				CLANG_WARN_RANGE_LOOP_ANALYSIS = YES;
				CLANG_WARN_STRICT_PROTOTYPES = YES;
				CLANG_WARN_SUSPICIOUS_MOVE = YES;
				CLANG_WARN_UNGUARDED_AVAILABILITY = YES_AGGRESSIVE;
				CLANG_WARN_UNREACHABLE_CODE = YES;
				CLANG_WARN__DUPLICATE_METHOD_MATCH = YES;
				COPY_PHASE_STRIP = NO;
				DEBUG_INFORMATION_FORMAT = "dwarf-with-dsym";
				ENABLE_NS_ASSERTIONS = NO;
				ENABLE_STRICT_OBJC_MSGSEND = YES;
				ENABLE_USER_SCRIPT_SANDBOXING = YES;
				GCC_C_LANGUAGE_STANDARD = gnu17;
				GCC_NO_COMMON_BLOCKS = YES;
				GCC_WARN_64_TO_32_BIT_CONVERSION = YES;
				GCC_WARN_ABOUT_RETURN_TYPE = YES_ERROR;
				GCC_WARN_UNDECLARED_SELECTOR = YES;
				GCC_WARN_UNINITIALIZED_AUTOS = YES_AGGRESSIVE;
				GCC_WARN_UNUSED_FUNCTION = YES;
				GCC_WARN_UNUSED_VARIABLE = YES;
				IPHONEOS_DEPLOYMENT_TARGET = 15.0;
				LOCALIZATION_PREFERS_STRING_CATALOGS = YES;
				MTL_ENABLE_DEBUG_INFO = NO;
				MTL_FAST_MATH = YES;
				SDKROOT = iphoneos;
				SWIFT_COMPILATION_MODE = wholemodule;
				VALIDATE_PRODUCT = YES;
			};
			name = "Release(Development)";
		};
		C38EB8702B0391E00034E632 /* Debug (Development) */ = {
			isa = XCBuildConfiguration;
			buildSettings = {
				ASSETCATALOG_COMPILER_APPICON_NAME = AppIcon;
				ASSETCATALOG_COMPILER_GLOBAL_ACCENT_COLOR_NAME = AccentColor;
				CODE_SIGN_STYLE = Automatic;
				CURRENT_PROJECT_VERSION = 1;
				DEVELOPMENT_ASSET_PATHS = "\"Assignment1/Preview Content\"";
				ENABLE_PREVIEWS = YES;
				GENERATE_INFOPLIST_FILE = YES;
				INFOPLIST_FILE = Assignment1/Info.plist;
				INFOPLIST_KEY_LSApplicationCategoryType = "";
				INFOPLIST_KEY_UIApplicationSceneManifest_Generation = YES;
				INFOPLIST_KEY_UIApplicationSupportsIndirectInputEvents = YES;
				INFOPLIST_KEY_UILaunchScreen_Generation = YES;
				INFOPLIST_KEY_UISupportedInterfaceOrientations_iPad = "UIInterfaceOrientationPortrait UIInterfaceOrientationPortraitUpsideDown UIInterfaceOrientationLandscapeLeft UIInterfaceOrientationLandscapeRight";
				INFOPLIST_KEY_UISupportedInterfaceOrientations_iPhone = "UIInterfaceOrientationPortrait UIInterfaceOrientationLandscapeLeft UIInterfaceOrientationLandscapeRight";
				IPHONEOS_DEPLOYMENT_TARGET = 15.0;
				LD_RUNPATH_SEARCH_PATHS = (
					"$(inherited)",
					"@executable_path/Frameworks",
				);
				MARKETING_VERSION = 1.0;
				PRODUCT_BUNDLE_IDENTIFIER = "$(APP_BUNDLE_ID)";
				PRODUCT_NAME = "$(APP_NAME)";
				SWIFT_EMIT_LOC_STRINGS = YES;
				SWIFT_VERSION = 5.0;
				TARGETED_DEVICE_FAMILY = "1,2";
			};
			name = "Debug (Development)";
		};
		C38EB8712B0391E00034E632 /* Release(Development) */ = {
			isa = XCBuildConfiguration;
			buildSettings = {
				ASSETCATALOG_COMPILER_APPICON_NAME = AppIcon;
				ASSETCATALOG_COMPILER_GLOBAL_ACCENT_COLOR_NAME = AccentColor;
				CODE_SIGN_STYLE = Automatic;
				CURRENT_PROJECT_VERSION = 1;
				DEVELOPMENT_ASSET_PATHS = "\"Assignment1/Preview Content\"";
				ENABLE_PREVIEWS = YES;
				GENERATE_INFOPLIST_FILE = YES;
				INFOPLIST_FILE = Assignment1/Info.plist;
				INFOPLIST_KEY_LSApplicationCategoryType = "";
				INFOPLIST_KEY_UIApplicationSceneManifest_Generation = YES;
				INFOPLIST_KEY_UIApplicationSupportsIndirectInputEvents = YES;
				INFOPLIST_KEY_UILaunchScreen_Generation = YES;
				INFOPLIST_KEY_UISupportedInterfaceOrientations_iPad = "UIInterfaceOrientationPortrait UIInterfaceOrientationPortraitUpsideDown UIInterfaceOrientationLandscapeLeft UIInterfaceOrientationLandscapeRight";
				INFOPLIST_KEY_UISupportedInterfaceOrientations_iPhone = "UIInterfaceOrientationPortrait UIInterfaceOrientationLandscapeLeft UIInterfaceOrientationLandscapeRight";
				IPHONEOS_DEPLOYMENT_TARGET = 15.0;
				LD_RUNPATH_SEARCH_PATHS = (
					"$(inherited)",
					"@executable_path/Frameworks",
				);
				MARKETING_VERSION = 1.0;
				PRODUCT_BUNDLE_IDENTIFIER = "$(APP_BUNDLE_ID)";
				PRODUCT_NAME = "$(APP_NAME)";
				SWIFT_EMIT_LOC_STRINGS = YES;
				SWIFT_VERSION = 5.0;
				TARGETED_DEVICE_FAMILY = "1,2";
			};
			name = "Release(Development)";
		};
		C38EB8732B0391E00034E632 /* Debug (Development) */ = {
			isa = XCBuildConfiguration;
			buildSettings = {
				ALWAYS_EMBED_SWIFT_STANDARD_LIBRARIES = YES;
				BUNDLE_LOADER = "$(TEST_HOST)";
				CODE_SIGN_STYLE = Automatic;
				CURRENT_PROJECT_VERSION = 1;
				GENERATE_INFOPLIST_FILE = YES;
				IPHONEOS_DEPLOYMENT_TARGET = 17.0;
				MARKETING_VERSION = 1.0;
				PRODUCT_BUNDLE_IDENTIFIER = com.Nextbridge.Assignment1Tests;
				PRODUCT_NAME = "$(TARGET_NAME)";
				SWIFT_EMIT_LOC_STRINGS = NO;
				SWIFT_VERSION = 5.0;
				TARGETED_DEVICE_FAMILY = "1,2";
				TEST_HOST = "$(BUILT_PRODUCTS_DIR)/Assignment1.app/$(BUNDLE_EXECUTABLE_FOLDER_PATH)/Assignment1";
			};
			name = "Debug (Development)";
		};
		C38EB8742B0391E00034E632 /* Release(Development) */ = {
			isa = XCBuildConfiguration;
			buildSettings = {
				ALWAYS_EMBED_SWIFT_STANDARD_LIBRARIES = YES;
				BUNDLE_LOADER = "$(TEST_HOST)";
				CODE_SIGN_STYLE = Automatic;
				CURRENT_PROJECT_VERSION = 1;
				GENERATE_INFOPLIST_FILE = YES;
				IPHONEOS_DEPLOYMENT_TARGET = 17.0;
				MARKETING_VERSION = 1.0;
				PRODUCT_BUNDLE_IDENTIFIER = com.Nextbridge.Assignment1Tests;
				PRODUCT_NAME = "$(TARGET_NAME)";
				SWIFT_EMIT_LOC_STRINGS = NO;
				SWIFT_VERSION = 5.0;
				TARGETED_DEVICE_FAMILY = "1,2";
				TEST_HOST = "$(BUILT_PRODUCTS_DIR)/Assignment1.app/$(BUNDLE_EXECUTABLE_FOLDER_PATH)/Assignment1";
			};
			name = "Release(Development)";
		};
		C38EB8762B0391E00034E632 /* Debug (Development) */ = {
			isa = XCBuildConfiguration;
			buildSettings = {
				ALWAYS_EMBED_SWIFT_STANDARD_LIBRARIES = YES;
				CODE_SIGN_STYLE = Automatic;
				CURRENT_PROJECT_VERSION = 1;
				GENERATE_INFOPLIST_FILE = YES;
				MARKETING_VERSION = 1.0;
				PRODUCT_BUNDLE_IDENTIFIER = com.Nextbridge.Assignment1UITests;
				PRODUCT_NAME = "$(TARGET_NAME)";
				SWIFT_EMIT_LOC_STRINGS = NO;
				SWIFT_VERSION = 5.0;
				TARGETED_DEVICE_FAMILY = "1,2";
				TEST_TARGET_NAME = Assignment1;
			};
			name = "Debug (Development)";
		};
		C38EB8772B0391E00034E632 /* Release(Development) */ = {
			isa = XCBuildConfiguration;
			buildSettings = {
				ALWAYS_EMBED_SWIFT_STANDARD_LIBRARIES = YES;
				CODE_SIGN_STYLE = Automatic;
				CURRENT_PROJECT_VERSION = 1;
				GENERATE_INFOPLIST_FILE = YES;
				MARKETING_VERSION = 1.0;
				PRODUCT_BUNDLE_IDENTIFIER = com.Nextbridge.Assignment1UITests;
				PRODUCT_NAME = "$(TARGET_NAME)";
				SWIFT_EMIT_LOC_STRINGS = NO;
				SWIFT_VERSION = 5.0;
				TARGETED_DEVICE_FAMILY = "1,2";
				TEST_TARGET_NAME = Assignment1;
			};
			name = "Release(Development)";
		};
		C38EB8A52B05EEC00034E632 /* Debug (Production) */ = {
			isa = XCBuildConfiguration;
			baseConfigurationReference = C38EB8AE2B05EFC50034E632 /* Production.xcconfig */;
			buildSettings = {
				ALWAYS_SEARCH_USER_PATHS = NO;
				ASSETCATALOG_COMPILER_GENERATE_SWIFT_ASSET_SYMBOL_EXTENSIONS = YES;
				CLANG_ANALYZER_NONNULL = YES;
				CLANG_ANALYZER_NUMBER_OBJECT_CONVERSION = YES_AGGRESSIVE;
				CLANG_CXX_LANGUAGE_STANDARD = "gnu++20";
				CLANG_ENABLE_MODULES = YES;
				CLANG_ENABLE_OBJC_ARC = YES;
				CLANG_ENABLE_OBJC_WEAK = YES;
				CLANG_WARN_BLOCK_CAPTURE_AUTORELEASING = YES;
				CLANG_WARN_BOOL_CONVERSION = YES;
				CLANG_WARN_COMMA = YES;
				CLANG_WARN_CONSTANT_CONVERSION = YES;
				CLANG_WARN_DEPRECATED_OBJC_IMPLEMENTATIONS = YES;
				CLANG_WARN_DIRECT_OBJC_ISA_USAGE = YES_ERROR;
				CLANG_WARN_DOCUMENTATION_COMMENTS = YES;
				CLANG_WARN_EMPTY_BODY = YES;
				CLANG_WARN_ENUM_CONVERSION = YES;
				CLANG_WARN_INFINITE_RECURSION = YES;
				CLANG_WARN_INT_CONVERSION = YES;
				CLANG_WARN_NON_LITERAL_NULL_CONVERSION = YES;
				CLANG_WARN_OBJC_IMPLICIT_RETAIN_SELF = YES;
				CLANG_WARN_OBJC_LITERAL_CONVERSION = YES;
				CLANG_WARN_OBJC_ROOT_CLASS = YES_ERROR;
				CLANG_WARN_QUOTED_INCLUDE_IN_FRAMEWORK_HEADER = YES;
				CLANG_WARN_RANGE_LOOP_ANALYSIS = YES;
				CLANG_WARN_STRICT_PROTOTYPES = YES;
				CLANG_WARN_SUSPICIOUS_MOVE = YES;
				CLANG_WARN_UNGUARDED_AVAILABILITY = YES_AGGRESSIVE;
				CLANG_WARN_UNREACHABLE_CODE = YES;
				CLANG_WARN__DUPLICATE_METHOD_MATCH = YES;
				COPY_PHASE_STRIP = NO;
				DEBUG_INFORMATION_FORMAT = dwarf;
				ENABLE_STRICT_OBJC_MSGSEND = YES;
				ENABLE_TESTABILITY = YES;
				ENABLE_USER_SCRIPT_SANDBOXING = YES;
				GCC_C_LANGUAGE_STANDARD = gnu17;
				GCC_DYNAMIC_NO_PIC = NO;
				GCC_NO_COMMON_BLOCKS = YES;
				GCC_OPTIMIZATION_LEVEL = 0;
				GCC_PREPROCESSOR_DEFINITIONS = (
					"DEBUG=1",
					"$(inherited)",
				);
				GCC_WARN_64_TO_32_BIT_CONVERSION = YES;
				GCC_WARN_ABOUT_RETURN_TYPE = YES_ERROR;
				GCC_WARN_UNDECLARED_SELECTOR = YES;
				GCC_WARN_UNINITIALIZED_AUTOS = YES_AGGRESSIVE;
				GCC_WARN_UNUSED_FUNCTION = YES;
				GCC_WARN_UNUSED_VARIABLE = YES;
				IPHONEOS_DEPLOYMENT_TARGET = 15.0;
				LOCALIZATION_PREFERS_STRING_CATALOGS = YES;
				MTL_ENABLE_DEBUG_INFO = INCLUDE_SOURCE;
				MTL_FAST_MATH = YES;
				ONLY_ACTIVE_ARCH = YES;
				SDKROOT = iphoneos;
				SWIFT_ACTIVE_COMPILATION_CONDITIONS = "DEBUG $(inherited)";
				SWIFT_OPTIMIZATION_LEVEL = "-Onone";
			};
			name = "Debug (Production)";
		};
		C38EB8A62B05EEC00034E632 /* Debug (Production) */ = {
			isa = XCBuildConfiguration;
			buildSettings = {
				ASSETCATALOG_COMPILER_APPICON_NAME = AppIcon;
				ASSETCATALOG_COMPILER_GLOBAL_ACCENT_COLOR_NAME = AccentColor;
				CODE_SIGN_STYLE = Automatic;
				CURRENT_PROJECT_VERSION = 1;
				DEVELOPMENT_ASSET_PATHS = "\"Assignment1/Preview Content\"";
				ENABLE_PREVIEWS = YES;
				GENERATE_INFOPLIST_FILE = YES;
				INFOPLIST_FILE = Assignment1/Info.plist;
				INFOPLIST_KEY_LSApplicationCategoryType = "";
				INFOPLIST_KEY_UIApplicationSceneManifest_Generation = YES;
				INFOPLIST_KEY_UIApplicationSupportsIndirectInputEvents = YES;
				INFOPLIST_KEY_UILaunchScreen_Generation = YES;
				INFOPLIST_KEY_UISupportedInterfaceOrientations_iPad = "UIInterfaceOrientationPortrait UIInterfaceOrientationPortraitUpsideDown UIInterfaceOrientationLandscapeLeft UIInterfaceOrientationLandscapeRight";
				INFOPLIST_KEY_UISupportedInterfaceOrientations_iPhone = "UIInterfaceOrientationPortrait UIInterfaceOrientationLandscapeLeft UIInterfaceOrientationLandscapeRight";
				IPHONEOS_DEPLOYMENT_TARGET = 15.0;
				LD_RUNPATH_SEARCH_PATHS = (
					"$(inherited)",
					"@executable_path/Frameworks",
				);
				MARKETING_VERSION = 1.0;
				PRODUCT_BUNDLE_IDENTIFIER = "$(APP_BUNDLE_ID)";
				PRODUCT_NAME = "$(APP_NAME)";
				SWIFT_EMIT_LOC_STRINGS = YES;
				SWIFT_VERSION = 5.0;
				TARGETED_DEVICE_FAMILY = "1,2";
			};
			name = "Debug (Production)";
		};
		C38EB8A72B05EEC00034E632 /* Debug (Production) */ = {
			isa = XCBuildConfiguration;
			buildSettings = {
				ALWAYS_EMBED_SWIFT_STANDARD_LIBRARIES = YES;
				BUNDLE_LOADER = "$(TEST_HOST)";
				CODE_SIGN_STYLE = Automatic;
				CURRENT_PROJECT_VERSION = 1;
				GENERATE_INFOPLIST_FILE = YES;
				IPHONEOS_DEPLOYMENT_TARGET = 17.0;
				MARKETING_VERSION = 1.0;
				PRODUCT_BUNDLE_IDENTIFIER = com.Nextbridge.Assignment1Tests;
				PRODUCT_NAME = "$(TARGET_NAME)";
				SWIFT_EMIT_LOC_STRINGS = NO;
				SWIFT_VERSION = 5.0;
				TARGETED_DEVICE_FAMILY = "1,2";
				TEST_HOST = "$(BUILT_PRODUCTS_DIR)/Assignment1.app/$(BUNDLE_EXECUTABLE_FOLDER_PATH)/Assignment1";
			};
			name = "Debug (Production)";
		};
		C38EB8A82B05EEC00034E632 /* Debug (Production) */ = {
			isa = XCBuildConfiguration;
			buildSettings = {
				ALWAYS_EMBED_SWIFT_STANDARD_LIBRARIES = YES;
				CODE_SIGN_STYLE = Automatic;
				CURRENT_PROJECT_VERSION = 1;
				GENERATE_INFOPLIST_FILE = YES;
				MARKETING_VERSION = 1.0;
				PRODUCT_BUNDLE_IDENTIFIER = com.Nextbridge.Assignment1UITests;
				PRODUCT_NAME = "$(TARGET_NAME)";
				SWIFT_EMIT_LOC_STRINGS = NO;
				SWIFT_VERSION = 5.0;
				TARGETED_DEVICE_FAMILY = "1,2";
				TEST_TARGET_NAME = Assignment1;
			};
			name = "Debug (Production)";
		};
		C38EB8A92B05EEDC0034E632 /* Release(Production) */ = {
			isa = XCBuildConfiguration;
			baseConfigurationReference = C38EB8AE2B05EFC50034E632 /* Production.xcconfig */;
			buildSettings = {
				ALWAYS_SEARCH_USER_PATHS = NO;
				ASSETCATALOG_COMPILER_GENERATE_SWIFT_ASSET_SYMBOL_EXTENSIONS = YES;
				CLANG_ANALYZER_NONNULL = YES;
				CLANG_ANALYZER_NUMBER_OBJECT_CONVERSION = YES_AGGRESSIVE;
				CLANG_CXX_LANGUAGE_STANDARD = "gnu++20";
				CLANG_ENABLE_MODULES = YES;
				CLANG_ENABLE_OBJC_ARC = YES;
				CLANG_ENABLE_OBJC_WEAK = YES;
				CLANG_WARN_BLOCK_CAPTURE_AUTORELEASING = YES;
				CLANG_WARN_BOOL_CONVERSION = YES;
				CLANG_WARN_COMMA = YES;
				CLANG_WARN_CONSTANT_CONVERSION = YES;
				CLANG_WARN_DEPRECATED_OBJC_IMPLEMENTATIONS = YES;
				CLANG_WARN_DIRECT_OBJC_ISA_USAGE = YES_ERROR;
				CLANG_WARN_DOCUMENTATION_COMMENTS = YES;
				CLANG_WARN_EMPTY_BODY = YES;
				CLANG_WARN_ENUM_CONVERSION = YES;
				CLANG_WARN_INFINITE_RECURSION = YES;
				CLANG_WARN_INT_CONVERSION = YES;
				CLANG_WARN_NON_LITERAL_NULL_CONVERSION = YES;
				CLANG_WARN_OBJC_IMPLICIT_RETAIN_SELF = YES;
				CLANG_WARN_OBJC_LITERAL_CONVERSION = YES;
				CLANG_WARN_OBJC_ROOT_CLASS = YES_ERROR;
				CLANG_WARN_QUOTED_INCLUDE_IN_FRAMEWORK_HEADER = YES;
				CLANG_WARN_RANGE_LOOP_ANALYSIS = YES;
				CLANG_WARN_STRICT_PROTOTYPES = YES;
				CLANG_WARN_SUSPICIOUS_MOVE = YES;
				CLANG_WARN_UNGUARDED_AVAILABILITY = YES_AGGRESSIVE;
				CLANG_WARN_UNREACHABLE_CODE = YES;
				CLANG_WARN__DUPLICATE_METHOD_MATCH = YES;
				COPY_PHASE_STRIP = NO;
				DEBUG_INFORMATION_FORMAT = "dwarf-with-dsym";
				ENABLE_NS_ASSERTIONS = NO;
				ENABLE_STRICT_OBJC_MSGSEND = YES;
				ENABLE_USER_SCRIPT_SANDBOXING = YES;
				GCC_C_LANGUAGE_STANDARD = gnu17;
				GCC_NO_COMMON_BLOCKS = YES;
				GCC_WARN_64_TO_32_BIT_CONVERSION = YES;
				GCC_WARN_ABOUT_RETURN_TYPE = YES_ERROR;
				GCC_WARN_UNDECLARED_SELECTOR = YES;
				GCC_WARN_UNINITIALIZED_AUTOS = YES_AGGRESSIVE;
				GCC_WARN_UNUSED_FUNCTION = YES;
				GCC_WARN_UNUSED_VARIABLE = YES;
				IPHONEOS_DEPLOYMENT_TARGET = 15.0;
				LOCALIZATION_PREFERS_STRING_CATALOGS = YES;
				MTL_ENABLE_DEBUG_INFO = NO;
				MTL_FAST_MATH = YES;
				SDKROOT = iphoneos;
				SWIFT_COMPILATION_MODE = wholemodule;
				VALIDATE_PRODUCT = YES;
			};
			name = "Release(Production)";
		};
		C38EB8AA2B05EEDC0034E632 /* Release(Production) */ = {
			isa = XCBuildConfiguration;
			buildSettings = {
				ASSETCATALOG_COMPILER_APPICON_NAME = AppIcon;
				ASSETCATALOG_COMPILER_GLOBAL_ACCENT_COLOR_NAME = AccentColor;
				CODE_SIGN_STYLE = Automatic;
				CURRENT_PROJECT_VERSION = 1;
				DEVELOPMENT_ASSET_PATHS = "\"Assignment1/Preview Content\"";
				ENABLE_PREVIEWS = YES;
				GENERATE_INFOPLIST_FILE = YES;
				INFOPLIST_FILE = Assignment1/Info.plist;
				INFOPLIST_KEY_LSApplicationCategoryType = "";
				INFOPLIST_KEY_UIApplicationSceneManifest_Generation = YES;
				INFOPLIST_KEY_UIApplicationSupportsIndirectInputEvents = YES;
				INFOPLIST_KEY_UILaunchScreen_Generation = YES;
				INFOPLIST_KEY_UISupportedInterfaceOrientations_iPad = "UIInterfaceOrientationPortrait UIInterfaceOrientationPortraitUpsideDown UIInterfaceOrientationLandscapeLeft UIInterfaceOrientationLandscapeRight";
				INFOPLIST_KEY_UISupportedInterfaceOrientations_iPhone = "UIInterfaceOrientationPortrait UIInterfaceOrientationLandscapeLeft UIInterfaceOrientationLandscapeRight";
				IPHONEOS_DEPLOYMENT_TARGET = 15.0;
				LD_RUNPATH_SEARCH_PATHS = (
					"$(inherited)",
					"@executable_path/Frameworks",
				);
				MARKETING_VERSION = 1.0;
				PRODUCT_BUNDLE_IDENTIFIER = "$(APP_BUNDLE_ID)";
				PRODUCT_NAME = "$(APP_NAME)";
				SWIFT_EMIT_LOC_STRINGS = YES;
				SWIFT_VERSION = 5.0;
				TARGETED_DEVICE_FAMILY = "1,2";
			};
			name = "Release(Production)";
		};
		C38EB8AB2B05EEDC0034E632 /* Release(Production) */ = {
			isa = XCBuildConfiguration;
			buildSettings = {
				ALWAYS_EMBED_SWIFT_STANDARD_LIBRARIES = YES;
				BUNDLE_LOADER = "$(TEST_HOST)";
				CODE_SIGN_STYLE = Automatic;
				CURRENT_PROJECT_VERSION = 1;
				GENERATE_INFOPLIST_FILE = YES;
				IPHONEOS_DEPLOYMENT_TARGET = 17.0;
				MARKETING_VERSION = 1.0;
				PRODUCT_BUNDLE_IDENTIFIER = com.Nextbridge.Assignment1Tests;
				PRODUCT_NAME = "$(TARGET_NAME)";
				SWIFT_EMIT_LOC_STRINGS = NO;
				SWIFT_VERSION = 5.0;
				TARGETED_DEVICE_FAMILY = "1,2";
				TEST_HOST = "$(BUILT_PRODUCTS_DIR)/Assignment1.app/$(BUNDLE_EXECUTABLE_FOLDER_PATH)/Assignment1";
			};
			name = "Release(Production)";
		};
		C38EB8AC2B05EEDC0034E632 /* Release(Production) */ = {
			isa = XCBuildConfiguration;
			buildSettings = {
				ALWAYS_EMBED_SWIFT_STANDARD_LIBRARIES = YES;
				CODE_SIGN_STYLE = Automatic;
				CURRENT_PROJECT_VERSION = 1;
				GENERATE_INFOPLIST_FILE = YES;
				MARKETING_VERSION = 1.0;
				PRODUCT_BUNDLE_IDENTIFIER = com.Nextbridge.Assignment1UITests;
				PRODUCT_NAME = "$(TARGET_NAME)";
				SWIFT_EMIT_LOC_STRINGS = NO;
				SWIFT_VERSION = 5.0;
				TARGETED_DEVICE_FAMILY = "1,2";
				TEST_TARGET_NAME = Assignment1;
			};
			name = "Release(Production)";
		};
/* End XCBuildConfiguration section */

/* Begin XCConfigurationList section */
		C38EB8462B0391DE0034E632 /* Build configuration list for PBXProject "Assignment1" */ = {
			isa = XCConfigurationList;
			buildConfigurations = (
				C38EB86D2B0391E00034E632 /* Debug (Development) */,
				C38EB8A52B05EEC00034E632 /* Debug (Production) */,
				C38EB86E2B0391E00034E632 /* Release(Development) */,
				C38EB8A92B05EEDC0034E632 /* Release(Production) */,
			);
			defaultConfigurationIsVisible = 0;
			defaultConfigurationName = "Release(Development)";
		};
		C38EB86F2B0391E00034E632 /* Build configuration list for PBXNativeTarget "Assignment1" */ = {
			isa = XCConfigurationList;
			buildConfigurations = (
				C38EB8702B0391E00034E632 /* Debug (Development) */,
				C38EB8A62B05EEC00034E632 /* Debug (Production) */,
				C38EB8712B0391E00034E632 /* Release(Development) */,
				C38EB8AA2B05EEDC0034E632 /* Release(Production) */,
			);
			defaultConfigurationIsVisible = 0;
			defaultConfigurationName = "Release(Development)";
		};
		C38EB8722B0391E00034E632 /* Build configuration list for PBXNativeTarget "Assignment1Tests" */ = {
			isa = XCConfigurationList;
			buildConfigurations = (
				C38EB8732B0391E00034E632 /* Debug (Development) */,
				C38EB8A72B05EEC00034E632 /* Debug (Production) */,
				C38EB8742B0391E00034E632 /* Release(Development) */,
				C38EB8AB2B05EEDC0034E632 /* Release(Production) */,
			);
			defaultConfigurationIsVisible = 0;
			defaultConfigurationName = "Release(Development)";
		};
		C38EB8752B0391E00034E632 /* Build configuration list for PBXNativeTarget "Assignment1UITests" */ = {
			isa = XCConfigurationList;
			buildConfigurations = (
				C38EB8762B0391E00034E632 /* Debug (Development) */,
				C38EB8A82B05EEC00034E632 /* Debug (Production) */,
				C38EB8772B0391E00034E632 /* Release(Development) */,
				C38EB8AC2B05EEDC0034E632 /* Release(Production) */,
			);
			defaultConfigurationIsVisible = 0;
			defaultConfigurationName = "Release(Development)";
		};
/* End XCConfigurationList section */
	};
	rootObject = C38EB8432B0391DE0034E632 /* Project object */;
}
